
Microsoft Visual Studio Solution File, Format Version 12.00
# Visual Studio Version 17
VisualStudioVersion = 17.1.32319.34
MinimumVisualStudioVersion = 10.0.40219.1
Project("{FAE04EC0-301F-11D3-BF4B-00C04F79EFBC}") = "SEproject", "SEproject.csproj", "{FF4EF150-A6A3-4B9D-B776-4D76735B8414}"
EndProject
Global
	GlobalSection(SolutionConfigurationPlatforms) = preSolution
		Debug|Any CPU = Debug|Any CPU
		Release|Any CPU = Release|Any CPU
	EndGlobalSection
	GlobalSection(ProjectConfigurationPlatforms) = postSolution
		{FF4EF150-A6A3-4B9D-B776-4D76735B8414}.Debug|Any CPU.ActiveCfg = Debug|Any CPU
		{FF4EF150-A6A3-4B9D-B776-4D76735B8414}.Debug|Any CPU.Build.0 = Debug|Any CPU
		{FF4EF150-A6A3-4B9D-B776-4D76735B8414}.Release|Any CPU.ActiveCfg = Release|Any CPU
		{FF4EF150-A6A3-4B9D-B776-4D76735B8414}.Release|Any CPU.Build.0 = Release|Any CPU
	EndGlobalSection
	GlobalSection(SolutionProperties) = preSolution
		HideSolutionNode = FALSE
	EndGlobalSection
	GlobalSection(ExtensibilityGlobals) = postSolution
		SolutionGuid = {26406CC2-C5DA-4388-983B-213504D28EC2}
	EndGlobalSection
EndGlobal
